
Microsoft Visual Studio Solution File, Format Version 12.00
# Visual Studio Version 18
VisualStudioVersion = 18.5.11723.231 stable
MinimumVisualStudioVersion = 10.0.40219.1
Project("{FAE04EC0-301F-11D3-BF4B-00C04F79EFBC}") = "Practice", "Practice.csproj", "{80AB2C26-364B-FB42-DF86-BF4D74EC4C48}"
EndProject
Global
	GlobalSection(SolutionConfigurationPlatforms) = preSolution
		Debug|Any CPU = Debug|Any CPU
		Release|Any CPU = Release|Any CPU
	EndGlobalSection
	GlobalSection(ProjectConfigurationPlatforms) = postSolution
		{80AB2C26-364B-FB42-DF86-BF4D74EC4C48}.Debug|Any CPU.ActiveCfg = Debug|Any CPU
		{80AB2C26-364B-FB42-DF86-BF4D74EC4C48}.Debug|Any CPU.Build.0 = Debug|Any CPU
		{80AB2C26-364B-FB42-DF86-BF4D74EC4C48}.Release|Any CPU.ActiveCfg = Release|Any CPU
		{80AB2C26-364B-FB42-DF86-BF4D74EC4C48}.Release|Any CPU.Build.0 = Release|Any CPU
	EndGlobalSection
	GlobalSection(SolutionProperties) = preSolution
		HideSolutionNode = FALSE
	EndGlobalSection
	GlobalSection(ExtensibilityGlobals) = postSolution
		SolutionGuid = {C54871B6-00FB-46CF-A703-18D97DBBD3C2}
	EndGlobalSection
EndGlobal
