
Microsoft Visual Studio Solution File, Format Version 12.00
# Visual Studio Version 18
VisualStudioVersion = 18.5.11723.231 stable
MinimumVisualStudioVersion = 10.0.40219.1
Project("{FAE04EC0-301F-11D3-BF4B-00C04F79EFBC}") = "MVCAssignment2", "MVCAssignment2.csproj", "{C9601FF8-82AE-7F80-60B5-3CEC7359C82E}"
EndProject
Global
	GlobalSection(SolutionConfigurationPlatforms) = preSolution
		Debug|Any CPU = Debug|Any CPU
		Release|Any CPU = Release|Any CPU
	EndGlobalSection
	GlobalSection(ProjectConfigurationPlatforms) = postSolution
		{C9601FF8-82AE-7F80-60B5-3CEC7359C82E}.Debug|Any CPU.ActiveCfg = Debug|Any CPU
		{C9601FF8-82AE-7F80-60B5-3CEC7359C82E}.Debug|Any CPU.Build.0 = Debug|Any CPU
		{C9601FF8-82AE-7F80-60B5-3CEC7359C82E}.Release|Any CPU.ActiveCfg = Release|Any CPU
		{C9601FF8-82AE-7F80-60B5-3CEC7359C82E}.Release|Any CPU.Build.0 = Release|Any CPU
	EndGlobalSection
	GlobalSection(SolutionProperties) = preSolution
		HideSolutionNode = FALSE
	EndGlobalSection
	GlobalSection(ExtensibilityGlobals) = postSolution
		SolutionGuid = {262FB251-4E48-455B-8662-2F87B2F0089B}
	EndGlobalSection
EndGlobal
